
Microsoft Visual Studio Solution File, Format Version 12.00
# Visual Studio Version 17
VisualStudioVersion = 17.7.34018.315
MinimumVisualStudioVersion = 10.0.40219.1
Project("{9A19103F-16F7-4668-BE54-9A1E7A4F7556}") = "TimeBlock.Core", "TimeBlock.Core\TimeBlock.Core.csproj", "{F1725FBB-554C-4532-B2EF-981C84A4DE47}"
EndProject
Project("{9A19103F-16F7-4668-BE54-9A1E7A4F7556}") = "TimeBlock.Tests", "TimeBlock.Tests\TimeBlock.Tests.csproj", "{0576AC93-E15B-44E0-AE08-DB68D35D168D}"
EndProject
Global
	GlobalSection(SolutionConfigurationPlatforms) = preSolution
		Debug|Any CPU = Debug|Any CPU
		Release|Any CPU = Release|Any CPU
	EndGlobalSection
	GlobalSection(ProjectConfigurationPlatforms) = postSolution
		{F1725FBB-554C-4532-B2EF-981C84A4DE47}.Debug|Any CPU.ActiveCfg = Debug|Any CPU
		{F1725FBB-554C-4532-B2EF-981C84A4DE47}.Debug|Any CPU.Build.0 = Debug|Any CPU
		{F1725FBB-554C-4532-B2EF-981C84A4DE47}.Release|Any CPU.ActiveCfg = Release|Any CPU
		{F1725FBB-554C-4532-B2EF-981C84A4DE47}.Release|Any CPU.Build.0 = Release|Any CPU
		{0576AC93-E15B-44E0-AE08-DB68D35D168D}.Debug|Any CPU.ActiveCfg = Debug|Any CPU
		{0576AC93-E15B-44E0-AE08-DB68D35D168D}.Debug|Any CPU.Build.0 = Debug|Any CPU
		{0576AC93-E15B-44E0-AE08-DB68D35D168D}.Release|Any CPU.ActiveCfg = Release|Any CPU
		{0576AC93-E15B-44E0-AE08-DB68D35D168D}.Release|Any CPU.Build.0 = Release|Any CPU
	EndGlobalSection
	GlobalSection(SolutionProperties) = preSolution
		HideSolutionNode = FALSE
	EndGlobalSection
	GlobalSection(ExtensibilityGlobals) = postSolution
		SolutionGuid = {2F67A1AC-A77A-41BF-A135-FABAF6E61CEF}
	EndGlobalSection
EndGlobal
